
Microsoft Visual Studio Solution File, Format Version 12.00
# Visual Studio 15
Project("{FAE04EC0-301F-11D3-BF4B-00C04F79EFBC}") = "Assembly-CSharp", "Assembly-CSharp.csproj", "{F8892C73-A1FE-3905-432B-646464140BD5}"
EndProject
Project("{FAE04EC0-301F-11D3-BF4B-00C04F79EFBC}") = "Coffee.SoftMaskForUGUI", "Coffee.SoftMaskForUGUI.csproj", "{5EF717D2-4F4E-98DC-C4E1-4E29E62E890F}"
EndProject
Project("{FAE04EC0-301F-11D3-BF4B-00C04F79EFBC}") = "Coffee.SoftMaskForUGUI.Editor", "Coffee.SoftMaskForUGUI.Editor.csproj", "{A0883BAA-99B4-0821-A440-4BF36DFCCB87}"
EndProject
Project("{FAE04EC0-301F-11D3-BF4B-00C04F79EFBC}") = "Assembly-CSharp-Editor", "Assembly-CSharp-Editor.csproj", "{4FA8EE99-68D9-5E97-0380-2D631A83D183}"
EndProject
Global
	GlobalSection(SolutionConfigurationPlatforms) = preSolution
		Debug|Any CPU = Debug|Any CPU
		Release|Any CPU = Release|Any CPU
	EndGlobalSection
	GlobalSection(ProjectConfigurationPlatforms) = postSolution
		{F8892C73-A1FE-3905-432B-646464140BD5}.Debug|Any CPU.ActiveCfg = Debug|Any CPU
		{F8892C73-A1FE-3905-432B-646464140BD5}.Debug|Any CPU.Build.0 = Debug|Any CPU
		{F8892C73-A1FE-3905-432B-646464140BD5}.Release|Any CPU.ActiveCfg = Release|Any CPU
		{F8892C73-A1FE-3905-432B-646464140BD5}.Release|Any CPU.Build.0 = Release|Any CPU
		{5EF717D2-4F4E-98DC-C4E1-4E29E62E890F}.Debug|Any CPU.ActiveCfg = Debug|Any CPU
		{5EF717D2-4F4E-98DC-C4E1-4E29E62E890F}.Debug|Any CPU.Build.0 = Debug|Any CPU
		{5EF717D2-4F4E-98DC-C4E1-4E29E62E890F}.Release|Any CPU.ActiveCfg = Release|Any CPU
		{5EF717D2-4F4E-98DC-C4E1-4E29E62E890F}.Release|Any CPU.Build.0 = Release|Any CPU
		{A0883BAA-99B4-0821-A440-4BF36DFCCB87}.Debug|Any CPU.ActiveCfg = Debug|Any CPU
		{A0883BAA-99B4-0821-A440-4BF36DFCCB87}.Debug|Any CPU.Build.0 = Debug|Any CPU
		{A0883BAA-99B4-0821-A440-4BF36DFCCB87}.Release|Any CPU.ActiveCfg = Release|Any CPU
		{A0883BAA-99B4-0821-A440-4BF36DFCCB87}.Release|Any CPU.Build.0 = Release|Any CPU
		{4FA8EE99-68D9-5E97-0380-2D631A83D183}.Debug|Any CPU.ActiveCfg = Debug|Any CPU
		{4FA8EE99-68D9-5E97-0380-2D631A83D183}.Debug|Any CPU.Build.0 = Debug|Any CPU
		{4FA8EE99-68D9-5E97-0380-2D631A83D183}.Release|Any CPU.ActiveCfg = Release|Any CPU
		{4FA8EE99-68D9-5E97-0380-2D631A83D183}.Release|Any CPU.Build.0 = Release|Any CPU
	EndGlobalSection
	GlobalSection(SolutionProperties) = preSolution
		HideSolutionNode = FALSE
	EndGlobalSection
EndGlobal
